[[package]]
name = "click"
version = "8.0.3"
description = "Composable command line interface toolkit"
category = "main"
optional = false
python-versions = ">=3.6"

[package.dependencies]
colorama = {version = "*", markers = "platform_system == \"Windows\""}

[[package]]
name = "colorama"
version = "0.4.4"
description = "Cross-platform colored terminal text."
category = "main"
optional = false
python-versions = ">=2.7, !=3.0.*, !=3.1.*, !=3.2.*, !=3.3.*, !=3.4.*"

[[package]]
name = "subprocess-tee"
version = "0.3.5"
description = "subprocess-tee"
category = "main"
optional = false
python-versions = ">=3.6"

[package.extras]
test = ["enrich (>=1.2.6)", "mock (>=4.0.3)", "molecule (>=3.4.0)", "pytest-cov (>=2.12.1)", "pytest-plus (>=0.2)", "pytest-xdist (>=2.3.0)", "pytest (>=6.2.5)"]

[metadata]
lock-version = "1.1"
python-versions = "^3.10"
content-hash = "9f2a821c399daac54695d128b95f655022b1c533aaae530e62aa0a8f25e8545f"

[metadata.files]
click = [
    {file = "click-8.0.3-py3-none-any.whl", hash = "sha256:353f466495adaeb40b6b5f592f9f91cb22372351c84caeb068132442a4518ef3"},
    {file = "click-8.0.3.tar.gz", hash = "sha256:410e932b050f5eed773c4cda94de75971c89cdb3155a72a0831139a79e5ecb5b"},
]
colorama = [
    {file = "colorama-0.4.4-py2.py3-none-any.whl", hash = "sha256:9f47eda37229f68eee03b24b9748937c7dc3868f906e8ba69fbcbdd3bc5dc3e2"},
    {file = "colorama-0.4.4.tar.gz", hash = "sha256:5941b2b48a20143d2267e95b1c2a7603ce057ee39fd88e7329b0c292aa16869b"},
]
subprocess-tee = [
    {file = "subprocess-tee-0.3.5.tar.gz", hash = "sha256:ff5cced589a4b8ac973276ca1ba21bb6e3de600cde11a69947ff51f696efd577"},
    {file = "subprocess_tee-0.3.5-py3-none-any.whl", hash = "sha256:d34186c639aa7f8013b5dfba80e17f52589539137c9d9205f2ae1c1bd03549e1"},
]
